<?xml version="1.0" encoding="utf-8"?>
<Project ToolsVersion="4.0" xmlns="http://schemas.microsoft.com/developer/msbuild/2003">
  <ItemGroup>
    <Filter Include="Исходные файлы">
      <UniqueIdentifier>{4FC737F1-C7A5-4376-A066-2A32D752A2FF}</UniqueIdentifier>
      <Extensions>cpp;c;cc;cxx;c++;cppm;ixx;def;odl;idl;hpj;bat;asm;asmx</Extensions>
    </Filter>
    <Filter Include="Файлы заголовков">
      <UniqueIdentifier>{93995380-89BD-4b04-88EB-625FBE52EBFB}</UniqueIdentifier>
      <Extensions>h;hh;hpp;hxx;h++;hm;inl;inc;ipp;xsd</Extensions>
    </Filter>
    <Filter Include="external">
      <UniqueIdentifier>{c3bd3def-b69b-49c5-9d5e-081751542c48}</UniqueIdentifier>
    </Filter>
    <Filter Include="external\glad">
      <UniqueIdentifier>{93c062d4-abb5-430f-a4cc-3f6572ce3f15}</UniqueIdentifier>
    </Filter>
  </ItemGroup>
  <ItemGroup>
    <ClInclude Include="FMEngine\FMEngine.h">
      <Filter>Файлы заголовков</Filter>
    </ClInclude>
    <ClInclude Include="FMEngine\src\test.h">
      <Filter>Файлы заголовков</Filter>
    </ClInclude>
    <ClInclude Include="FMEngine\external\glad\include\glad\glad.h">
      <Filter>external\glad</Filter>
    </ClInclude>
    <ClInclude Include="FMEngine\external\glad\include\KHR\khrplatform.h">
      <Filter>external\glad</Filter>
    </ClInclude>
    <ClInclude Include="FMEngine\src\Core\Window.h">
      <Filter>Файлы заголовков</Filter>
    </ClInclude>
    <ClInclude Include="FMEngine\src\Core\App.h">
      <Filter>Файлы заголовков</Filter>
    </ClInclude>
    <ClInclude Include="FMEngine\src\Render\Renderer.h">
      <Filter>Файлы заголовков</Filter>
    </ClInclude>
    <ClInclude Include="FMEngine\src\Events\Event.h">
      <Filter>Файлы заголовков</Filter>
    </ClInclude>
    <ClInclude Include="FMEngine\src\Events\MouseEvents.h">
      <Filter>Файлы заголовков</Filter>
    </ClInclude>
    <ClInclude Include="FMEngine\src\Events\WindowEvents.h">
      <Filter>Файлы заголовков</Filter>
    </ClInclude>
    <ClInclude Include="FMEngine\src\Events\EventManager.h">
      <Filter>Файлы заголовков</Filter>
    </ClInclude>
    <ClInclude Include="src\Events\EventListener.h">
      <Filter>Файлы заголовков</Filter>
    </ClInclude>
    <ClInclude Include="FMEngine\src\GUI\GUI.h">
      <Filter>Файлы заголовков</Filter>
    </ClInclude>
    <ClInclude Include="FMEngine\external\imgui\backends\imgui_impl_glfw.h">
      <Filter>Файлы заголовков</Filter>
    </ClInclude>
    <ClInclude Include="FMEngine\external\imgui\backends\imgui_impl_opengl3.h">
      <Filter>Файлы заголовков</Filter>
    </ClInclude>
    <ClInclude Include="FMEngine\external\imgui\backends\imgui_impl_opengl3_loader.h">
      <Filter>Файлы заголовков</Filter>
    </ClInclude>
    <ClInclude Include="FMEngine\external\imgui\imconfig.h">
      <Filter>Файлы заголовков</Filter>
    </ClInclude>
    <ClInclude Include="FMEngine\external\imgui\imgui.h">
      <Filter>Файлы заголовков</Filter>
    </ClInclude>
    <ClInclude Include="FMEngine\external\imgui\imgui_internal.h">
      <Filter>Файлы заголовков</Filter>
    </ClInclude>
    <ClInclude Include="FMEngine\external\imgui\imstb_rectpack.h">
      <Filter>Файлы заголовков</Filter>
    </ClInclude>
    <ClInclude Include="FMEngine\external\imgui\imstb_textedit.h">
      <Filter>Файлы заголовков</Filter>
    </ClInclude>
    <ClInclude Include="FMEngine\external\imgui\imstb_truetype.h">
      <Filter>Файлы заголовков</Filter>
    </ClInclude>
    <ClInclude Include="FMEngine\src\GUI\GUIinterface.h">
      <Filter>Файлы заголовков</Filter>
    </ClInclude>
    <ClInclude Include="FMEngine\src\Core\Component.h">
      <Filter>Файлы заголовков</Filter>
    </ClInclude>
    <ClInclude Include="FMEngine\src\Core\ComponentList.h">
      <Filter>Файлы заголовков</Filter>
    </ClInclude>
    <ClInclude Include="FMEngine\FMEgui.h">
      <Filter>Файлы заголовков</Filter>
    </ClInclude>
  </ItemGroup>
  <ItemGroup>
    <ClCompile Include="FMEngine\src\test.cpp">
      <Filter>Исходные файлы</Filter>
    </ClCompile>
    <ClCompile Include="FMEngine\external\glad\src\glad.c">
      <Filter>external\glad</Filter>
    </ClCompile>
    <ClCompile Include="FMEngine\src\Core\Window.cpp">
      <Filter>Исходные файлы</Filter>
    </ClCompile>
    <ClCompile Include="FMEngine\src\Core\App.cpp">
      <Filter>Исходные файлы</Filter>
    </ClCompile>
    <ClCompile Include="FMEngine\src\Render\Renderer.cpp">
      <Filter>Исходные файлы</Filter>
    </ClCompile>
    <ClCompile Include="FMEngine\src\Events\KeyboardEvents.h">
      <Filter>Исходные файлы</Filter>
    </ClCompile>
    <ClCompile Include="FMEngine\src\Events\EventManager.cpp">
      <Filter>Исходные файлы</Filter>
    </ClCompile>
    <ClCompile Include="FMEngine\src\GUI\GUI.cpp">
      <Filter>Исходные файлы</Filter>
    </ClCompile>
    <ClCompile Include="FMEngine\external\imgui\backends\imgui_impl_glfw.cpp">
      <Filter>Исходные файлы</Filter>
    </ClCompile>
    <ClCompile Include="FMEngine\external\imgui\backends\imgui_impl_opengl3.cpp">
      <Filter>Исходные файлы</Filter>
    </ClCompile>
    <ClCompile Include="FMEngine\external\imgui\imgui.cpp">
      <Filter>Исходные файлы</Filter>
    </ClCompile>
    <ClCompile Include="FMEngine\external\imgui\imgui_demo.cpp">
      <Filter>Исходные файлы</Filter>
    </ClCompile>
    <ClCompile Include="FMEngine\external\imgui\imgui_draw.cpp">
      <Filter>Исходные файлы</Filter>
    </ClCompile>
    <ClCompile Include="FMEngine\external\imgui\imgui_tables.cpp">
      <Filter>Исходные файлы</Filter>
    </ClCompile>
    <ClCompile Include="FMEngine\external\imgui\imgui_widgets.cpp">
      <Filter>Исходные файлы</Filter>
    </ClCompile>
    <ClCompile Include="FMEngine\src\Core\Component.cpp">
      <Filter>Исходные файлы</Filter>
    </ClCompile>
  </ItemGroup>
</Project>